{
  "name": "gulp-build-system",
  "version": "1.0.0",
  "lockfileVersion": 1,
  "requires": true,
  "dependencies": {
    "breakpoint-sass": {
      "version": "2.7.1",
      "resolved": "https://registry.npmjs.org/breakpoint-sass/-/breakpoint-sass-2.7.1.tgz",
      "integrity": "sha1-jvbEdE3MJbqD2Wm2yaF+XaopmAo="
    },
    "gsap": {
      "version": "2.0.2",
      "resolved": "https://registry.npmjs.org/gsap/-/gsap-2.0.2.tgz",
      "integrity": "sha512-WyT0uuDNb+5xMccx4SsVcI1CwvIL0BPgP8TyJJmMWT/btGXUNtKesnkXFMMshYs37renFhDo1P5NEoizeonviQ=="
    },
    "jeet": {
      "version": "7.2.0",
      "resolved": "https://registry.npmjs.org/jeet/-/jeet-7.2.0.tgz",
      "integrity": "sha512-TcUBVeb/PlBmiZRgqx/rHewXkyhnBzRANjPi99frE7FQcbXvnzH74IelKhdPlP94eBh/rI0T67B04yGaldWzTw=="
    },
    "jquery": {
      "version": "3.3.1",
      "resolved": "https://registry.npmjs.org/jquery/-/jquery-3.3.1.tgz",
      "integrity": "sha512-Ubldcmxp5np52/ENotGxlLe6aGMvmF4R8S6tZjsP6Knsaxd/xp3Zrh50cG93lR6nPXyUFwzN3ZSOQI0wRJNdGg=="
    },
    "normalize.css": {
      "version": "8.0.0",
      "resolved": "https://registry.npmjs.org/normalize.css/-/normalize.css-8.0.0.tgz",
      "integrity": "sha512-iXcbM3NWr0XkNyfiSBsoPezi+0V92P9nj84yVV1/UZxRUrGczgX/X91KMAGM0omWLY2+2Q1gKD/XRn4gQRDB2A=="
    },
    "simplestatemanager": {
      "version": "4.1.1",
      "resolved": "https://registry.npmjs.org/simplestatemanager/-/simplestatemanager-4.1.1.tgz",
      "integrity": "sha512-RRhB4rPEU10dwERLLrOTx3rdKW6sLHTsYpr+SBKoh/Vl4XETgNnux45+wgX59M1cDiJQX/CuMVu0eOWFSDECDg=="
    },
    "svg4everybody": {
      "version": "2.1.9",
      "resolved": "https://registry.npmjs.org/svg4everybody/-/svg4everybody-2.1.9.tgz",
      "integrity": "sha1-W9n23vwTOFmgRGRtR0P6vCjbfi0="
    }
  }
}
